
Microsoft Visual Studio Solution File, Format Version 12.00
# Visual Studio Version 16
VisualStudioVersion = 16.0.31424.327
MinimumVisualStudioVersion = 10.0.40219.1
Project("{9A19103F-16F7-4668-BE54-9A1E7A4F7556}") = "CsvToJson", "CsvToJson\CsvToJson.csproj", "{1E9E9FE0-726E-41C2-8637-D4E8091BB670}"
EndProject
Project("{9A19103F-16F7-4668-BE54-9A1E7A4F7556}") = "CsvToJson.UnitTests", "CsvToJson.UnitTests\CsvToJson.UnitTests.csproj", "{91824A6A-EA03-45A7-85CB-823B51534EF7}"
EndProject
Project("{2150E333-8FDC-42A3-9474-1A3956D46DE8}") = "Solution Items", "Solution Items", "{2BF565CF-12E0-4306-A7C3-B17467B54DB5}"
	ProjectSection(SolutionItems) = preProject
		Documentation\images\csv-to-json-flowchart.drawio.png = Documentation\images\csv-to-json-flowchart.drawio.png
		Documentation\images\CSVToJSON-Architecture.png = Documentation\images\CSVToJSON-Architecture.png
		ReadMe.md = ReadMe.md
	EndProjectSection
EndProject
Global
	GlobalSection(SolutionConfigurationPlatforms) = preSolution
		Debug|Any CPU = Debug|Any CPU
		Release|Any CPU = Release|Any CPU
	EndGlobalSection
	GlobalSection(ProjectConfigurationPlatforms) = postSolution
		{1E9E9FE0-726E-41C2-8637-D4E8091BB670}.Debug|Any CPU.ActiveCfg = Debug|Any CPU
		{1E9E9FE0-726E-41C2-8637-D4E8091BB670}.Debug|Any CPU.Build.0 = Debug|Any CPU
		{1E9E9FE0-726E-41C2-8637-D4E8091BB670}.Release|Any CPU.ActiveCfg = Release|Any CPU
		{1E9E9FE0-726E-41C2-8637-D4E8091BB670}.Release|Any CPU.Build.0 = Release|Any CPU
		{91824A6A-EA03-45A7-85CB-823B51534EF7}.Debug|Any CPU.ActiveCfg = Debug|Any CPU
		{91824A6A-EA03-45A7-85CB-823B51534EF7}.Debug|Any CPU.Build.0 = Debug|Any CPU
		{91824A6A-EA03-45A7-85CB-823B51534EF7}.Release|Any CPU.ActiveCfg = Release|Any CPU
		{91824A6A-EA03-45A7-85CB-823B51534EF7}.Release|Any CPU.Build.0 = Release|Any CPU
	EndGlobalSection
	GlobalSection(SolutionProperties) = preSolution
		HideSolutionNode = FALSE
	EndGlobalSection
	GlobalSection(ExtensibilityGlobals) = postSolution
		SolutionGuid = {0C662CA0-AFDE-4A32-9665-234D81AFF24A}
	EndGlobalSection
EndGlobal
